
Microsoft Visual Studio Solution File, Format Version 12.00
# Visual Studio Version 17
VisualStudioVersion = 17.9.34714.143
MinimumVisualStudioVersion = 10.0.40219.1
Project("{FAE04EC0-301F-11D3-BF4B-00C04F79EFBC}") = "CalculadoraAgiles", "CalculadoraAgiles.csproj", "{3E559824-CEFC-4103-AF79-9C805E40A657}"
EndProject
Project("{FAE04EC0-301F-11D3-BF4B-00C04F79EFBC}") = "testSuma", "..\testSuma\testSuma.csproj", "{91506C5F-4B86-4A4C-A617-03C24B1C8587}"
EndProject
Global
	GlobalSection(SolutionConfigurationPlatforms) = preSolution
		Debug|Any CPU = Debug|Any CPU
		Release|Any CPU = Release|Any CPU
	EndGlobalSection
	GlobalSection(ProjectConfigurationPlatforms) = postSolution
		{3E559824-CEFC-4103-AF79-9C805E40A657}.Debug|Any CPU.ActiveCfg = Debug|Any CPU
		{3E559824-CEFC-4103-AF79-9C805E40A657}.Debug|Any CPU.Build.0 = Debug|Any CPU
		{3E559824-CEFC-4103-AF79-9C805E40A657}.Release|Any CPU.ActiveCfg = Release|Any CPU
		{3E559824-CEFC-4103-AF79-9C805E40A657}.Release|Any CPU.Build.0 = Release|Any CPU
		{91506C5F-4B86-4A4C-A617-03C24B1C8587}.Debug|Any CPU.ActiveCfg = Debug|Any CPU
		{91506C5F-4B86-4A4C-A617-03C24B1C8587}.Debug|Any CPU.Build.0 = Debug|Any CPU
		{91506C5F-4B86-4A4C-A617-03C24B1C8587}.Release|Any CPU.ActiveCfg = Release|Any CPU
		{91506C5F-4B86-4A4C-A617-03C24B1C8587}.Release|Any CPU.Build.0 = Release|Any CPU
	EndGlobalSection
	GlobalSection(SolutionProperties) = preSolution
		HideSolutionNode = FALSE
	EndGlobalSection
	GlobalSection(ExtensibilityGlobals) = postSolution
		SolutionGuid = {1557BDEC-693A-4169-968F-4C22A02FA632}
	EndGlobalSection
EndGlobal
